
Microsoft Visual Studio Solution File, Format Version 12.00
# Visual Studio 15
Project("{FAE04EC0-301F-11D3-BF4B-00C04F79EFBC}") = "TiendaServicios.Api.Autor", "TiendaServicios.Api.Autor\TiendaServicios.Api.Autor.csproj", "{73125849-63A1-4CBD-A1D0-8D0C7FB18DEC}"
EndProject
Project("{FAE04EC0-301F-11D3-BF4B-00C04F79EFBC}") = "TiendaServicios.API.Libro", "TiendaServicios.API.Libro\TiendaServicios.API.Libro.csproj", "{F990C3BF-2324-41DC-8067-170277C7EB32}"
EndProject
Project("{FAE04EC0-301F-11D3-BF4B-00C04F79EFBC}") = "TiendaServicios.API.CarritoCompra", "TiendaServicios.API.CarritoCompra\TiendaServicios.API.CarritoCompra.csproj", "{97A0F01B-8637-47D9-8798-4A78470CD3AA}"
EndProject
Project("{FAE04EC0-301F-11D3-BF4B-00C04F79EFBC}") = "TiendaServicios.Api.Libro.Test", "TiendaServicios.Api.Libro.Test\TiendaServicios.Api.Libro.Test.csproj", "{46CED445-FC9C-4969-B369-561217EB007A}"
EndProject
Project("{E53339B2-1760-4266-BCC7-CA923CBCF16C}") = "docker-compose", "docker-compose.dcproj", "{613FD84F-491E-4BA0-9E8C-AAC9556835EF}"
EndProject
Global
	GlobalSection(SolutionConfigurationPlatforms) = preSolution
		Debug|Any CPU = Debug|Any CPU
		Release|Any CPU = Release|Any CPU
	EndGlobalSection
	GlobalSection(ProjectConfigurationPlatforms) = postSolution
		{73125849-63A1-4CBD-A1D0-8D0C7FB18DEC}.Debug|Any CPU.ActiveCfg = Debug|Any CPU
		{73125849-63A1-4CBD-A1D0-8D0C7FB18DEC}.Debug|Any CPU.Build.0 = Debug|Any CPU
		{73125849-63A1-4CBD-A1D0-8D0C7FB18DEC}.Release|Any CPU.ActiveCfg = Release|Any CPU
		{73125849-63A1-4CBD-A1D0-8D0C7FB18DEC}.Release|Any CPU.Build.0 = Release|Any CPU
		{F990C3BF-2324-41DC-8067-170277C7EB32}.Debug|Any CPU.ActiveCfg = Debug|Any CPU
		{F990C3BF-2324-41DC-8067-170277C7EB32}.Debug|Any CPU.Build.0 = Debug|Any CPU
		{F990C3BF-2324-41DC-8067-170277C7EB32}.Release|Any CPU.ActiveCfg = Release|Any CPU
		{F990C3BF-2324-41DC-8067-170277C7EB32}.Release|Any CPU.Build.0 = Release|Any CPU
		{97A0F01B-8637-47D9-8798-4A78470CD3AA}.Debug|Any CPU.ActiveCfg = Debug|Any CPU
		{97A0F01B-8637-47D9-8798-4A78470CD3AA}.Debug|Any CPU.Build.0 = Debug|Any CPU
		{97A0F01B-8637-47D9-8798-4A78470CD3AA}.Release|Any CPU.ActiveCfg = Release|Any CPU
		{97A0F01B-8637-47D9-8798-4A78470CD3AA}.Release|Any CPU.Build.0 = Release|Any CPU
		{46CED445-FC9C-4969-B369-561217EB007A}.Debug|Any CPU.ActiveCfg = Debug|Any CPU
		{46CED445-FC9C-4969-B369-561217EB007A}.Debug|Any CPU.Build.0 = Debug|Any CPU
		{46CED445-FC9C-4969-B369-561217EB007A}.Release|Any CPU.ActiveCfg = Release|Any CPU
		{46CED445-FC9C-4969-B369-561217EB007A}.Release|Any CPU.Build.0 = Release|Any CPU
		{613FD84F-491E-4BA0-9E8C-AAC9556835EF}.Debug|Any CPU.ActiveCfg = Debug|Any CPU
		{613FD84F-491E-4BA0-9E8C-AAC9556835EF}.Debug|Any CPU.Build.0 = Debug|Any CPU
		{613FD84F-491E-4BA0-9E8C-AAC9556835EF}.Release|Any CPU.ActiveCfg = Release|Any CPU
		{613FD84F-491E-4BA0-9E8C-AAC9556835EF}.Release|Any CPU.Build.0 = Release|Any CPU
	EndGlobalSection
EndGlobal
